<?xml version="1.0" encoding="utf-8"?>
<Project ToolsVersion="4.0" xmlns="http://schemas.microsoft.com/developer/msbuild/2003">
  <ItemGroup>
    <Filter Include="Source Files">
      <UniqueIdentifier>{4FC737F1-C7A5-4376-A066-2A32D752A2FF}</UniqueIdentifier>
      <Extensions>cpp;c;cxx;def;odl;idl;hpj;bat;asm;asmx</Extensions>
    </Filter>
    <Filter Include="Header Files">
      <UniqueIdentifier>{93995380-89BD-4b04-88EB-625FBE52EBFB}</UniqueIdentifier>
      <Extensions>h;hpp;hxx;hm;inl;inc;xsd</Extensions>
    </Filter>
    <Filter Include="Resource Files">
      <UniqueIdentifier>{67DA6AB6-F800-4c08-8B7A-83BB121AAD01}</UniqueIdentifier>
      <Extensions>rc;ico;cur;bmp;dlg;rc2;rct;bin;rgs;gif;jpg;jpeg;jpe;resx</Extensions>
    </Filter>
  </ItemGroup>
  <ItemGroup>
    <ClCompile Include="BFSRouter.cpp">
      <Filter>Source Files</Filter>
    </ClCompile>
    <ClCompile Include="BottleneckRouter.cpp">
      <Filter>Source Files</Filter>
    </ClCompile>
    <ClCompile Include="DataUtilities.cpp">
      <Filter>Source Files</Filter>
    </ClCompile>
    <ClCompile Include="EmptyScheduler.cpp">
      <Filter>Source Files</Filter>
    </ClCompile>
    <ClCompile Include="FlowChecker.cpp">
      <Filter>Source Files</Filter>
    </ClCompile>
    <ClCompile Include="FlowDecomposer.cpp">
      <Filter>Source Files</Filter>
    </ClCompile>
    <ClCompile Include="FlowPath.cpp">
      <Filter>Source Files</Filter>
    </ClCompile>
    <ClCompile Include="LPInterface.cpp">
      <Filter>Source Files</Filter>
    </ClCompile>
    <ClCompile Include="NaiveScheduler.cpp">
      <Filter>Source Files</Filter>
    </ClCompile>
    <ClCompile Include="Router.cpp">
      <Filter>Source Files</Filter>
    </ClCompile>
    <ClCompile Include="Schedule.cpp">
      <Filter>Source Files</Filter>
    </ClCompile>
    <ClCompile Include="ScheduleCalculator.cpp">
      <Filter>Source Files</Filter>
    </ClCompile>
    <ClCompile Include="ScheduleItem.cpp">
      <Filter>Source Files</Filter>
    </ClCompile>
    <ClCompile Include="Scheduler.cpp">
      <Filter>Source Files</Filter>
    </ClCompile>
    <ClCompile Include="ScheduleSimulator.cpp">
      <Filter>Source Files</Filter>
    </ClCompile>
    <ClCompile Include="SchedulingParams.cpp">
      <Filter>Source Files</Filter>
    </ClCompile>
    <ClCompile Include="SmartScheduler.cpp">
      <Filter>Source Files</Filter>
    </ClCompile>
    <ClCompile Include="VarRepository.cpp">
      <Filter>Source Files</Filter>
    </ClCompile>
  </ItemGroup>
  <ItemGroup>
    <ClInclude Include="BFSRouter.h">
      <Filter>Header Files</Filter>
    </ClInclude>
    <ClInclude Include="BottleneckRouter.h">
      <Filter>Header Files</Filter>
    </ClInclude>
    <ClInclude Include="DataUtilities.h">
      <Filter>Header Files</Filter>
    </ClInclude>
    <ClInclude Include="EmptyScheduler.h">
      <Filter>Header Files</Filter>
    </ClInclude>
    <ClInclude Include="FlowChecker.h">
      <Filter>Header Files</Filter>
    </ClInclude>
    <ClInclude Include="FlowDecomposer.h">
      <Filter>Header Files</Filter>
    </ClInclude>
    <ClInclude Include="FlowPath.h">
      <Filter>Header Files</Filter>
    </ClInclude>
    <ClInclude Include="LPInterface.h">
      <Filter>Header Files</Filter>
    </ClInclude>
    <ClInclude Include="NaiveScheduler.h">
      <Filter>Header Files</Filter>
    </ClInclude>
    <ClInclude Include="Router.h">
      <Filter>Header Files</Filter>
    </ClInclude>
    <ClInclude Include="Schedule.h">
      <Filter>Header Files</Filter>
    </ClInclude>
    <ClInclude Include="ScheduleItem.h">
      <Filter>Header Files</Filter>
    </ClInclude>
    <ClInclude Include="Scheduler.h">
      <Filter>Header Files</Filter>
    </ClInclude>
    <ClInclude Include="ScheduleSimulator.h">
      <Filter>Header Files</Filter>
    </ClInclude>
    <ClInclude Include="SchedulingParams.h">
      <Filter>Header Files</Filter>
    </ClInclude>
    <ClInclude Include="SmartScheduler.h">
      <Filter>Header Files</Filter>
    </ClInclude>
    <ClInclude Include="VarRepository.h">
      <Filter>Header Files</Filter>
    </ClInclude>
  </ItemGroup>
  <ItemGroup>
    <None Include="ReadMe.txt" />
  </ItemGroup>
</Project>