Microsoft Visual Studio Solution File, Format Version 10.00
# Visual Studio 2008
Project("{8BC9CEB8-8B4A-11D0-8D11-00A0C91BC942}") = "ConfigReader", "ConfigReader\ConfigReader.vcproj", "{4D1CE291-41F6-40B4-975D-54243B48C28D}"
EndProject
Project("{8BC9CEB8-8B4A-11D0-8D11-00A0C91BC942}") = "ScenarioGenerator", "ScenarioGenerator\ScenarioGenerator.vcproj", "{5FB1850B-04FA-4138-A476-C5E76F523EC6}"
	ProjectSection(ProjectDependencies) = postProject
		{A99E2915-F0E4-442C-B13E-A65D22977CA9} = {A99E2915-F0E4-442C-B13E-A65D22977CA9}
		{EE6DAB63-343C-49C0-9071-560111B54C47} = {EE6DAB63-343C-49C0-9071-560111B54C47}
		{4D1CE291-41F6-40B4-975D-54243B48C28D} = {4D1CE291-41F6-40B4-975D-54243B48C28D}
	EndProjectSection
EndProject
Project("{8BC9CEB8-8B4A-11D0-8D11-00A0C91BC942}") = "RescueDataStructures", "RescueDataStructures\RescueDataStructures.vcproj", "{EE6DAB63-343C-49C0-9071-560111B54C47}"
EndProject
Project("{8BC9CEB8-8B4A-11D0-8D11-00A0C91BC942}") = "libClp", "Clp-1.9.0\Clp\MSVisualStudio\v9\libClp\libClp.vcproj", "{4F8F7D1C-3A9E-444D-8EE9-77F33FA05994}"
	ProjectSection(ProjectDependencies) = postProject
		{C4867F15-438D-4FF8-8388-62FBAAA9786C} = {C4867F15-438D-4FF8-8388-62FBAAA9786C}
	EndProjectSection
EndProject
Project("{8BC9CEB8-8B4A-11D0-8D11-00A0C91BC942}") = "libCoinUtils", "Clp-1.9.0\CoinUtils\MSVisualStudio\v9\libCoinUtils\libCoinUtils.vcproj", "{C4867F15-438D-4FF8-8388-62FBAAA9786C}"
EndProject
Project("{8BC9CEB8-8B4A-11D0-8D11-00A0C91BC942}") = "ScheduleCalculator", "ScheduleCalculator\ScheduleCalculator.vcproj", "{112D2A83-85EB-4954-BC66-7F12811CEFE8}"
	ProjectSection(ProjectDependencies) = postProject
		{C4867F15-438D-4FF8-8388-62FBAAA9786C} = {C4867F15-438D-4FF8-8388-62FBAAA9786C}
		{4F8F7D1C-3A9E-444D-8EE9-77F33FA05994} = {4F8F7D1C-3A9E-444D-8EE9-77F33FA05994}
		{EE6DAB63-343C-49C0-9071-560111B54C47} = {EE6DAB63-343C-49C0-9071-560111B54C47}
		{4D1CE291-41F6-40B4-975D-54243B48C28D} = {4D1CE291-41F6-40B4-975D-54243B48C28D}
	EndProjectSection
EndProject
Project("{8BC9CEB8-8B4A-11D0-8D11-00A0C91BC942}") = "PerCalculator", "PerCalculator\PerCalculator.vcproj", "{A99E2915-F0E4-442C-B13E-A65D22977CA9}"
EndProject
Global
	GlobalSection(SolutionConfigurationPlatforms) = preSolution
		Debug|Win32 = Debug|Win32
		Release|Win32 = Release|Win32
	EndGlobalSection
	GlobalSection(ProjectConfigurationPlatforms) = postSolution
		{4D1CE291-41F6-40B4-975D-54243B48C28D}.Debug|Win32.ActiveCfg = Debug|Win32
		{4D1CE291-41F6-40B4-975D-54243B48C28D}.Debug|Win32.Build.0 = Debug|Win32
		{4D1CE291-41F6-40B4-975D-54243B48C28D}.Release|Win32.ActiveCfg = Release|Win32
		{4D1CE291-41F6-40B4-975D-54243B48C28D}.Release|Win32.Build.0 = Release|Win32
		{5FB1850B-04FA-4138-A476-C5E76F523EC6}.Debug|Win32.ActiveCfg = Debug|Win32
		{5FB1850B-04FA-4138-A476-C5E76F523EC6}.Debug|Win32.Build.0 = Debug|Win32
		{5FB1850B-04FA-4138-A476-C5E76F523EC6}.Release|Win32.ActiveCfg = Release|Win32
		{5FB1850B-04FA-4138-A476-C5E76F523EC6}.Release|Win32.Build.0 = Release|Win32
		{EE6DAB63-343C-49C0-9071-560111B54C47}.Debug|Win32.ActiveCfg = Debug|Win32
		{EE6DAB63-343C-49C0-9071-560111B54C47}.Debug|Win32.Build.0 = Debug|Win32
		{EE6DAB63-343C-49C0-9071-560111B54C47}.Release|Win32.ActiveCfg = Release|Win32
		{EE6DAB63-343C-49C0-9071-560111B54C47}.Release|Win32.Build.0 = Release|Win32
		{4F8F7D1C-3A9E-444D-8EE9-77F33FA05994}.Debug|Win32.ActiveCfg = Debug|Win32
		{4F8F7D1C-3A9E-444D-8EE9-77F33FA05994}.Debug|Win32.Build.0 = Debug|Win32
		{4F8F7D1C-3A9E-444D-8EE9-77F33FA05994}.Release|Win32.ActiveCfg = Release|Win32
		{4F8F7D1C-3A9E-444D-8EE9-77F33FA05994}.Release|Win32.Build.0 = Release|Win32
		{C4867F15-438D-4FF8-8388-62FBAAA9786C}.Debug|Win32.ActiveCfg = Debug|Win32
		{C4867F15-438D-4FF8-8388-62FBAAA9786C}.Debug|Win32.Build.0 = Debug|Win32
		{C4867F15-438D-4FF8-8388-62FBAAA9786C}.Release|Win32.ActiveCfg = Release|Win32
		{C4867F15-438D-4FF8-8388-62FBAAA9786C}.Release|Win32.Build.0 = Release|Win32
		{112D2A83-85EB-4954-BC66-7F12811CEFE8}.Debug|Win32.ActiveCfg = Debug|Win32
		{112D2A83-85EB-4954-BC66-7F12811CEFE8}.Debug|Win32.Build.0 = Debug|Win32
		{112D2A83-85EB-4954-BC66-7F12811CEFE8}.Release|Win32.ActiveCfg = Release|Win32
		{112D2A83-85EB-4954-BC66-7F12811CEFE8}.Release|Win32.Build.0 = Release|Win32
		{A99E2915-F0E4-442C-B13E-A65D22977CA9}.Debug|Win32.ActiveCfg = Debug|Win32
		{A99E2915-F0E4-442C-B13E-A65D22977CA9}.Debug|Win32.Build.0 = Debug|Win32
		{A99E2915-F0E4-442C-B13E-A65D22977CA9}.Release|Win32.ActiveCfg = Release|Win32
		{A99E2915-F0E4-442C-B13E-A65D22977CA9}.Release|Win32.Build.0 = Release|Win32
	EndGlobalSection
	GlobalSection(SolutionProperties) = preSolution
		HideSolutionNode = FALSE
	EndGlobalSection
EndGlobal
