<?xml version="1.0" encoding="utf-8"?>
<Project ToolsVersion="4.0" xmlns="http://schemas.microsoft.com/developer/msbuild/2003">
  <ItemGroup>
    <Filter Include="Source Files">
      <UniqueIdentifier>{4FC737F1-C7A5-4376-A066-2A32D752A2FF}</UniqueIdentifier>
      <Extensions>cpp;c;cc;cxx;def;odl;idl;hpj;bat;asm;asmx</Extensions>
    </Filter>
    <Filter Include="Header Files">
      <UniqueIdentifier>{93995380-89BD-4b04-88EB-625FBE52EBFB}</UniqueIdentifier>
      <Extensions>h;hpp;hxx;hm;inl;inc;xsd</Extensions>
    </Filter>
    <Filter Include="Resource Files">
      <UniqueIdentifier>{67DA6AB6-F800-4c08-8B7A-83BB121AAD01}</UniqueIdentifier>
      <Extensions>rc;ico;cur;bmp;dlg;rc2;rct;bin;rgs;gif;jpg;jpeg;jpe;resx;tiff;tif;png;wav</Extensions>
    </Filter>
  </ItemGroup>
  <ItemGroup>
    <ClCompile Include="CommunicationEdge.cpp">
      <Filter>Source Files</Filter>
    </ClCompile>
    <ClCompile Include="CommunicationGraph.cpp">
      <Filter>Source Files</Filter>
    </ClCompile>
    <ClCompile Include="CommunicationRequest.cpp">
      <Filter>Source Files</Filter>
    </ClCompile>
    <ClCompile Include="dblpoint.cpp">
      <Filter>Source Files</Filter>
    </ClCompile>
    <ClCompile Include="DynamicVertex.cpp">
      <Filter>Source Files</Filter>
    </ClCompile>
    <ClCompile Include="InterferenceGraph.cpp">
      <Filter>Source Files</Filter>
    </ClCompile>
    <ClCompile Include="RequestsCollection.cpp">
      <Filter>Source Files</Filter>
    </ClCompile>
    <ClCompile Include="RescueEdge.cpp">
      <Filter>Source Files</Filter>
    </ClCompile>
    <ClCompile Include="RescueGraph.cpp">
      <Filter>Source Files</Filter>
    </ClCompile>
    <ClCompile Include="RescueVertex.cpp">
      <Filter>Source Files</Filter>
    </ClCompile>
  </ItemGroup>
  <ItemGroup>
    <ClInclude Include="CommunicationEdge.h">
      <Filter>Header Files</Filter>
    </ClInclude>
    <ClInclude Include="CommunicationGraph.h">
      <Filter>Header Files</Filter>
    </ClInclude>
    <ClInclude Include="CommunicationRequest.h">
      <Filter>Header Files</Filter>
    </ClInclude>
    <ClInclude Include="dblpoint.h">
      <Filter>Header Files</Filter>
    </ClInclude>
    <ClInclude Include="DynamicVertex.h">
      <Filter>Header Files</Filter>
    </ClInclude>
    <ClInclude Include="InterferenceGraph.h">
      <Filter>Header Files</Filter>
    </ClInclude>
    <ClInclude Include="RequestsCollection.h">
      <Filter>Header Files</Filter>
    </ClInclude>
    <ClInclude Include="RescueEdge.h">
      <Filter>Header Files</Filter>
    </ClInclude>
    <ClInclude Include="RescueGraph.h">
      <Filter>Header Files</Filter>
    </ClInclude>
    <ClInclude Include="RescueVertex.h">
      <Filter>Header Files</Filter>
    </ClInclude>
  </ItemGroup>
  <ItemGroup>
    <None Include="ClassDiagram1.cd" />
    <None Include="ReadMe.txt" />
  </ItemGroup>
</Project>